{
  "name": "techtools",
  "version": "1.0.0",
  "lockfileVersion": 1,
  "requires": true,
  "dependencies": {
    "systeminformation": {
      "version": "3.37.5",
      "resolved": "https://registry.npmjs.org/systeminformation/-/systeminformation-3.37.5.tgz",
      "integrity": "sha512-Zpv8scIC7A8O0aOACEHVvgIYj3TSHeLwrYHVUgumt2DyW0C7SLwi2s9qvpTVhZ9Y0yDVgPh9PJV7eCipzKfE8g=="
    }
  }
}
